
Microsoft Visual Studio Solution File, Format Version 12.00
# Visual Studio Version 16
VisualStudioVersion = 16.0.31229.75
MinimumVisualStudioVersion = 10.0.40219.1
Project("{8BC9CEB8-8B4A-11D0-8D11-00A0C91BC942}") = "lab7a", "lab7a\lab7a.vcxproj", "{4EF6FD7A-63A8-4EC4-80E8-8A73C6450E9F}"
EndProject
Project("{8BC9CEB8-8B4A-11D0-8D11-00A0C91BC942}") = "lab7b", "lab7b\lab7b.vcxproj", "{F9026908-21C2-4C8A-9356-FD8F6754A3F2}"
EndProject
Project("{8BC9CEB8-8B4A-11D0-8D11-00A0C91BC942}") = "lab7c", "lab7c\lab7c.vcxproj", "{589EBC7D-D5C0-4C36-ACC3-1D4DB1EFB904}"
EndProject
Global
	GlobalSection(SolutionConfigurationPlatforms) = preSolution
		Debug|x64 = Debug|x64
		Debug|x86 = Debug|x86
		Release|x64 = Release|x64
		Release|x86 = Release|x86
	EndGlobalSection
	GlobalSection(ProjectConfigurationPlatforms) = postSolution
		{4EF6FD7A-63A8-4EC4-80E8-8A73C6450E9F}.Debug|x64.ActiveCfg = Debug|x64
		{4EF6FD7A-63A8-4EC4-80E8-8A73C6450E9F}.Debug|x64.Build.0 = Debug|x64
		{4EF6FD7A-63A8-4EC4-80E8-8A73C6450E9F}.Debug|x86.ActiveCfg = Debug|Win32
		{4EF6FD7A-63A8-4EC4-80E8-8A73C6450E9F}.Debug|x86.Build.0 = Debug|Win32
		{4EF6FD7A-63A8-4EC4-80E8-8A73C6450E9F}.Release|x64.ActiveCfg = Release|x64
		{4EF6FD7A-63A8-4EC4-80E8-8A73C6450E9F}.Release|x64.Build.0 = Release|x64
		{4EF6FD7A-63A8-4EC4-80E8-8A73C6450E9F}.Release|x86.ActiveCfg = Release|Win32
		{4EF6FD7A-63A8-4EC4-80E8-8A73C6450E9F}.Release|x86.Build.0 = Release|Win32
		{F9026908-21C2-4C8A-9356-FD8F6754A3F2}.Debug|x64.ActiveCfg = Debug|x64
		{F9026908-21C2-4C8A-9356-FD8F6754A3F2}.Debug|x64.Build.0 = Debug|x64
		{F9026908-21C2-4C8A-9356-FD8F6754A3F2}.Debug|x86.ActiveCfg = Debug|Win32
		{F9026908-21C2-4C8A-9356-FD8F6754A3F2}.Debug|x86.Build.0 = Debug|Win32
		{F9026908-21C2-4C8A-9356-FD8F6754A3F2}.Release|x64.ActiveCfg = Release|x64
		{F9026908-21C2-4C8A-9356-FD8F6754A3F2}.Release|x64.Build.0 = Release|x64
		{F9026908-21C2-4C8A-9356-FD8F6754A3F2}.Release|x86.ActiveCfg = Release|Win32
		{F9026908-21C2-4C8A-9356-FD8F6754A3F2}.Release|x86.Build.0 = Release|Win32
		{589EBC7D-D5C0-4C36-ACC3-1D4DB1EFB904}.Debug|x64.ActiveCfg = Debug|x64
		{589EBC7D-D5C0-4C36-ACC3-1D4DB1EFB904}.Debug|x64.Build.0 = Debug|x64
		{589EBC7D-D5C0-4C36-ACC3-1D4DB1EFB904}.Debug|x86.ActiveCfg = Debug|Win32
		{589EBC7D-D5C0-4C36-ACC3-1D4DB1EFB904}.Debug|x86.Build.0 = Debug|Win32
		{589EBC7D-D5C0-4C36-ACC3-1D4DB1EFB904}.Release|x64.ActiveCfg = Release|x64
		{589EBC7D-D5C0-4C36-ACC3-1D4DB1EFB904}.Release|x64.Build.0 = Release|x64
		{589EBC7D-D5C0-4C36-ACC3-1D4DB1EFB904}.Release|x86.ActiveCfg = Release|Win32
		{589EBC7D-D5C0-4C36-ACC3-1D4DB1EFB904}.Release|x86.Build.0 = Release|Win32
	EndGlobalSection
	GlobalSection(SolutionProperties) = preSolution
		HideSolutionNode = FALSE
	EndGlobalSection
	GlobalSection(ExtensibilityGlobals) = postSolution
		SolutionGuid = {9B7530F2-460A-4563-92DF-35A11ED3298E}
	EndGlobalSection
EndGlobal
